
Microsoft Visual Studio Solution File, Format Version 12.00
# Visual Studio Version 17
VisualStudioVersion = 17.11.35312.102
MinimumVisualStudioVersion = 10.0.40219.1
Project("{FAE04EC0-301F-11D3-BF4B-00C04F79EFBC}") = "console-application", "console-application\console-application.csproj", "{36B5C21E-373C-4AEE-BAD8-27311E08B291}"
EndProject
Project("{9A19103F-16F7-4668-BE54-9A1E7A4F7556}") = "service-client", "..\service-client\service-client\service-client.csproj", "{895BCEE1-2DEB-4EBA-BFFF-C2274B1F28EC}"
EndProject
Global
	GlobalSection(SolutionConfigurationPlatforms) = preSolution
		Debug|Any CPU = Debug|Any CPU
		Release|Any CPU = Release|Any CPU
	EndGlobalSection
	GlobalSection(ProjectConfigurationPlatforms) = postSolution
		{36B5C21E-373C-4AEE-BAD8-27311E08B291}.Debug|Any CPU.ActiveCfg = Debug|Any CPU
		{36B5C21E-373C-4AEE-BAD8-27311E08B291}.Debug|Any CPU.Build.0 = Debug|Any CPU
		{36B5C21E-373C-4AEE-BAD8-27311E08B291}.Release|Any CPU.ActiveCfg = Release|Any CPU
		{36B5C21E-373C-4AEE-BAD8-27311E08B291}.Release|Any CPU.Build.0 = Release|Any CPU
		{895BCEE1-2DEB-4EBA-BFFF-C2274B1F28EC}.Debug|Any CPU.ActiveCfg = Debug|Any CPU
		{895BCEE1-2DEB-4EBA-BFFF-C2274B1F28EC}.Debug|Any CPU.Build.0 = Debug|Any CPU
		{895BCEE1-2DEB-4EBA-BFFF-C2274B1F28EC}.Release|Any CPU.ActiveCfg = Release|Any CPU
		{895BCEE1-2DEB-4EBA-BFFF-C2274B1F28EC}.Release|Any CPU.Build.0 = Release|Any CPU
	EndGlobalSection
	GlobalSection(SolutionProperties) = preSolution
		HideSolutionNode = FALSE
	EndGlobalSection
	GlobalSection(ExtensibilityGlobals) = postSolution
		SolutionGuid = {B6651BB7-AE1A-4681-ADE1-856BA70C1E98}
	EndGlobalSection
EndGlobal
